
Microsoft Visual Studio Solution File, Format Version 12.00
# Visual Studio Version 16
VisualStudioVersion = 16.0.30804.86
MinimumVisualStudioVersion = 10.0.40219.1
Project("{FAE04EC0-301F-11D3-BF4B-00C04F79EFBC}") = "UIDatePicker.Droid", "UIDatePicker\UIDatePicker.Droid.csproj", "{103974F0-72BF-4F15-823F-8B8FC0A862C1}"
EndProject
Project("{FAE04EC0-301F-11D3-BF4B-00C04F79EFBC}") = "Sample.Droid", "Sample\Sample.Droid.csproj", "{3BC0AC7E-3B3B-4D3F-9CC0-B2BDECC460A6}"
EndProject
Project("{FAE04EC0-301F-11D3-BF4B-00C04F79EFBC}") = "Sample.iOS", "Sample.iOS\Sample.iOS.csproj", "{9BDAC2A9-7F30-4876-A0BD-C2E961307594}"
EndProject
Project("{FAE04EC0-301F-11D3-BF4B-00C04F79EFBC}") = "UIDatePicker.iOS", "UIDatePicker.iOS\UIDatePicker.iOS.csproj", "{529CE159-D35B-41E2-B92D-1AEBA41F66AC}"
EndProject
Global
	GlobalSection(SolutionConfigurationPlatforms) = preSolution
		Debug|Any CPU = Debug|Any CPU
		Debug|iPhone = Debug|iPhone
		Debug|iPhoneSimulator = Debug|iPhoneSimulator
		Release|Any CPU = Release|Any CPU
		Release|iPhone = Release|iPhone
		Release|iPhoneSimulator = Release|iPhoneSimulator
	EndGlobalSection
	GlobalSection(ProjectConfigurationPlatforms) = postSolution
		{103974F0-72BF-4F15-823F-8B8FC0A862C1}.Debug|Any CPU.ActiveCfg = Debug|Any CPU
		{103974F0-72BF-4F15-823F-8B8FC0A862C1}.Debug|Any CPU.Build.0 = Debug|Any CPU
		{103974F0-72BF-4F15-823F-8B8FC0A862C1}.Debug|iPhone.ActiveCfg = Debug|Any CPU
		{103974F0-72BF-4F15-823F-8B8FC0A862C1}.Debug|iPhone.Build.0 = Debug|Any CPU
		{103974F0-72BF-4F15-823F-8B8FC0A862C1}.Debug|iPhoneSimulator.ActiveCfg = Debug|Any CPU
		{103974F0-72BF-4F15-823F-8B8FC0A862C1}.Debug|iPhoneSimulator.Build.0 = Debug|Any CPU
		{103974F0-72BF-4F15-823F-8B8FC0A862C1}.Release|Any CPU.ActiveCfg = Release|Any CPU
		{103974F0-72BF-4F15-823F-8B8FC0A862C1}.Release|Any CPU.Build.0 = Release|Any CPU
		{103974F0-72BF-4F15-823F-8B8FC0A862C1}.Release|iPhone.ActiveCfg = Release|Any CPU
		{103974F0-72BF-4F15-823F-8B8FC0A862C1}.Release|iPhone.Build.0 = Release|Any CPU
		{103974F0-72BF-4F15-823F-8B8FC0A862C1}.Release|iPhoneSimulator.ActiveCfg = Release|Any CPU
		{103974F0-72BF-4F15-823F-8B8FC0A862C1}.Release|iPhoneSimulator.Build.0 = Release|Any CPU
		{3BC0AC7E-3B3B-4D3F-9CC0-B2BDECC460A6}.Debug|Any CPU.ActiveCfg = Debug|Any CPU
		{3BC0AC7E-3B3B-4D3F-9CC0-B2BDECC460A6}.Debug|Any CPU.Build.0 = Debug|Any CPU
		{3BC0AC7E-3B3B-4D3F-9CC0-B2BDECC460A6}.Debug|Any CPU.Deploy.0 = Debug|Any CPU
		{3BC0AC7E-3B3B-4D3F-9CC0-B2BDECC460A6}.Debug|iPhone.ActiveCfg = Debug|Any CPU
		{3BC0AC7E-3B3B-4D3F-9CC0-B2BDECC460A6}.Debug|iPhone.Build.0 = Debug|Any CPU
		{3BC0AC7E-3B3B-4D3F-9CC0-B2BDECC460A6}.Debug|iPhoneSimulator.ActiveCfg = Debug|Any CPU
		{3BC0AC7E-3B3B-4D3F-9CC0-B2BDECC460A6}.Debug|iPhoneSimulator.Build.0 = Debug|Any CPU
		{3BC0AC7E-3B3B-4D3F-9CC0-B2BDECC460A6}.Release|Any CPU.ActiveCfg = Release|Any CPU
		{3BC0AC7E-3B3B-4D3F-9CC0-B2BDECC460A6}.Release|Any CPU.Build.0 = Release|Any CPU
		{3BC0AC7E-3B3B-4D3F-9CC0-B2BDECC460A6}.Release|Any CPU.Deploy.0 = Release|Any CPU
		{3BC0AC7E-3B3B-4D3F-9CC0-B2BDECC460A6}.Release|iPhone.ActiveCfg = Release|Any CPU
		{3BC0AC7E-3B3B-4D3F-9CC0-B2BDECC460A6}.Release|iPhone.Build.0 = Release|Any CPU
		{3BC0AC7E-3B3B-4D3F-9CC0-B2BDECC460A6}.Release|iPhoneSimulator.ActiveCfg = Release|Any CPU
		{3BC0AC7E-3B3B-4D3F-9CC0-B2BDECC460A6}.Release|iPhoneSimulator.Build.0 = Release|Any CPU
		{9BDAC2A9-7F30-4876-A0BD-C2E961307594}.Debug|Any CPU.ActiveCfg = Debug|iPhoneSimulator
		{9BDAC2A9-7F30-4876-A0BD-C2E961307594}.Debug|Any CPU.Build.0 = Debug|iPhoneSimulator
		{9BDAC2A9-7F30-4876-A0BD-C2E961307594}.Debug|iPhone.ActiveCfg = Debug|iPhone
		{9BDAC2A9-7F30-4876-A0BD-C2E961307594}.Debug|iPhone.Build.0 = Debug|iPhone
		{9BDAC2A9-7F30-4876-A0BD-C2E961307594}.Debug|iPhoneSimulator.ActiveCfg = Debug|iPhoneSimulator
		{9BDAC2A9-7F30-4876-A0BD-C2E961307594}.Debug|iPhoneSimulator.Build.0 = Debug|iPhoneSimulator
		{9BDAC2A9-7F30-4876-A0BD-C2E961307594}.Release|Any CPU.ActiveCfg = Release|iPhone
		{9BDAC2A9-7F30-4876-A0BD-C2E961307594}.Release|Any CPU.Build.0 = Release|iPhone
		{9BDAC2A9-7F30-4876-A0BD-C2E961307594}.Release|iPhone.ActiveCfg = Release|iPhone
		{9BDAC2A9-7F30-4876-A0BD-C2E961307594}.Release|iPhone.Build.0 = Release|iPhone
		{9BDAC2A9-7F30-4876-A0BD-C2E961307594}.Release|iPhoneSimulator.ActiveCfg = Release|iPhoneSimulator
		{9BDAC2A9-7F30-4876-A0BD-C2E961307594}.Release|iPhoneSimulator.Build.0 = Release|iPhoneSimulator
		{529CE159-D35B-41E2-B92D-1AEBA41F66AC}.Debug|Any CPU.ActiveCfg = Debug|Any CPU
		{529CE159-D35B-41E2-B92D-1AEBA41F66AC}.Debug|Any CPU.Build.0 = Debug|Any CPU
		{529CE159-D35B-41E2-B92D-1AEBA41F66AC}.Debug|iPhone.ActiveCfg = Debug|Any CPU
		{529CE159-D35B-41E2-B92D-1AEBA41F66AC}.Debug|iPhone.Build.0 = Debug|Any CPU
		{529CE159-D35B-41E2-B92D-1AEBA41F66AC}.Debug|iPhoneSimulator.ActiveCfg = Debug|Any CPU
		{529CE159-D35B-41E2-B92D-1AEBA41F66AC}.Debug|iPhoneSimulator.Build.0 = Debug|Any CPU
		{529CE159-D35B-41E2-B92D-1AEBA41F66AC}.Release|Any CPU.ActiveCfg = Release|Any CPU
		{529CE159-D35B-41E2-B92D-1AEBA41F66AC}.Release|Any CPU.Build.0 = Release|Any CPU
		{529CE159-D35B-41E2-B92D-1AEBA41F66AC}.Release|iPhone.ActiveCfg = Release|Any CPU
		{529CE159-D35B-41E2-B92D-1AEBA41F66AC}.Release|iPhone.Build.0 = Release|Any CPU
		{529CE159-D35B-41E2-B92D-1AEBA41F66AC}.Release|iPhoneSimulator.ActiveCfg = Release|Any CPU
		{529CE159-D35B-41E2-B92D-1AEBA41F66AC}.Release|iPhoneSimulator.Build.0 = Release|Any CPU
	EndGlobalSection
	GlobalSection(SolutionProperties) = preSolution
		HideSolutionNode = FALSE
	EndGlobalSection
	GlobalSection(ExtensibilityGlobals) = postSolution
		SolutionGuid = {C7376953-6519-4910-97F7-5498A3B8816C}
	EndGlobalSection
EndGlobal
